// !$*UTF8*$!
{
	archiveVersion = 1;
	classes = {
	};
	objectVersion = 77;
	objects = {

/* Begin PBXBuildFile section */
		8658F8742E92C1F100452A66 /* FirebaseAuth in Frameworks */ = {isa = PBXBuildFile; productRef = 8658F8732E92C1F100452A66 /* FirebaseAuth */; };
		8658F8762E92C1F100452A66 /* FirebaseCore in Frameworks */ = {isa = PBXBuildFile; productRef = 8658F8752E92C1F100452A66 /* FirebaseCore */; };
		8658F8782E92C1F100452A66 /* FirebaseFirestore in Frameworks */ = {isa = PBXBuildFile; productRef = 8658F8772E92C1F100452A66 /* FirebaseFirestore */; };
		8658F87A2E92C1F100452A66 /* FirebaseFirestoreCombine-Community in Frameworks */ = {isa = PBXBuildFile; productRef = 8658F8792E92C1F100452A66 /* FirebaseFirestoreCombine-Community */; };
		8658F87C2E92C25A00452A66 /* FirebaseAI in Frameworks */ = {isa = PBXBuildFile; productRef = 8658F87B2E92C25A00452A66 /* FirebaseAI */; };
/* End PBXBuildFile section */

/* Begin PBXContainerItemProxy section */
		8658F8312E92B2BF00452A66 /* PBXContainerItemProxy */ = {
			isa = PBXContainerItemProxy;
			containerPortal = 8658F8182E92B2BD00452A66 /* Project object */;
			proxyType = 1;
			remoteGlobalIDString = 8658F81F2E92B2BD00452A66;
			remoteInfo = "Family Planning";
		};
		8658F83B2E92B2BF00452A66 /* PBXContainerItemProxy */ = {
			isa = PBXContainerItemProxy;
			containerPortal = 8658F8182E92B2BD00452A66 /* Project object */;
			proxyType = 1;
			remoteGlobalIDString = 8658F81F2E92B2BD00452A66;
			remoteInfo = "Family Planning";
		};
/* End PBXContainerItemProxy section */

/* Begin PBXFileReference section */
		8658F8202E92B2BD00452A66 /* Family Planning.app */ = {isa = PBXFileReference; explicitFileType = wrapper.application; includeInIndex = 0; path = "Family Planning.app"; sourceTree = BUILT_PRODUCTS_DIR; };
		8658F8302E92B2BF00452A66 /* Family PlanningTests.xctest */ = {isa = PBXFileReference; explicitFileType = wrapper.cfbundle; includeInIndex = 0; path = "Family PlanningTests.xctest"; sourceTree = BUILT_PRODUCTS_DIR; };
		8658F83A2E92B2BF00452A66 /* Family PlanningUITests.xctest */ = {isa = PBXFileReference; explicitFileType = wrapper.cfbundle; includeInIndex = 0; path = "Family PlanningUITests.xctest"; sourceTree = BUILT_PRODUCTS_DIR; };
/* End PBXFileReference section */

/* Begin PBXFileSystemSynchronizedRootGroup section */
		8658F8222E92B2BD00452A66 /* Family Planning */ = {
			isa = PBXFileSystemSynchronizedRootGroup;
			path = "Family Planning";
			sourceTree = "<group>";
		};
		8658F8332E92B2BF00452A66 /* Family PlanningTests */ = {
			isa = PBXFileSystemSynchronizedRootGroup;
			path = "Family PlanningTests";
			sourceTree = "<group>";
		};
		8658F83D2E92B2BF00452A66 /* Family PlanningUITests */ = {
			isa = PBXFileSystemSynchronizedRootGroup;
			path = "Family PlanningUITests";
			sourceTree = "<group>";
		};
		8658F84F2E92B2F400452A66 /* Models */ = {
			isa = PBXFileSystemSynchronizedRootGroup;
			path = Models;
			sourceTree = "<group>";
		};
		8658F8522E92B33B00452A66 /* Managers */ = {
			isa = PBXFileSystemSynchronizedRootGroup;
			path = Managers;
			sourceTree = "<group>";
		};
		8658F8552E92B36E00452A66 /* Views */ = {
			isa = PBXFileSystemSynchronizedRootGroup;
			path = Views;
			sourceTree = "<group>";
		};
/* End PBXFileSystemSynchronizedRootGroup section */

/* Begin PBXFrameworksBuildPhase section */
		8658F81D2E92B2BD00452A66 /* Frameworks */ = {
			isa = PBXFrameworksBuildPhase;
			buildActionMask = 2147483647;
			files = (
				8658F87C2E92C25A00452A66 /* FirebaseAI in Frameworks */,
				8658F8762E92C1F100452A66 /* FirebaseCore in Frameworks */,
				8658F87A2E92C1F100452A66 /* FirebaseFirestoreCombine-Community in Frameworks */,
				8658F8742E92C1F100452A66 /* FirebaseAuth in Frameworks */,
				8658F8782E92C1F100452A66 /* FirebaseFirestore in Frameworks */,
			);
			runOnlyForDeploymentPostprocessing = 0;
		};
		8658F82D2E92B2BF00452A66 /* Frameworks */ = {
			isa = PBXFrameworksBuildPhase;
			buildActionMask = 2147483647;
			files = (
			);
			runOnlyForDeploymentPostprocessing = 0;
		};
		8658F8372E92B2BF00452A66 /* Frameworks */ = {
			isa = PBXFrameworksBuildPhase;
			buildActionMask = 2147483647;
			files = (
			);
			runOnlyForDeploymentPostprocessing = 0;
		};
/* End PBXFrameworksBuildPhase section */

/* Begin PBXGroup section */
		8658F8172E92B2BD00452A66 = {
			isa = PBXGroup;
			children = (
				8658F8552E92B36E00452A66 /* Views */,
				8658F8522E92B33B00452A66 /* Managers */,
				8658F84F2E92B2F400452A66 /* Models */,
				8658F8222E92B2BD00452A66 /* Family Planning */,
				8658F8332E92B2BF00452A66 /* Family PlanningTests */,
				8658F83D2E92B2BF00452A66 /* Family PlanningUITests */,
				8658F8212E92B2BD00452A66 /* Products */,
			);
			sourceTree = "<group>";
		};
		8658F8212E92B2BD00452A66 /* Products */ = {
			isa = PBXGroup;
			children = (
				8658F8202E92B2BD00452A66 /* Family Planning.app */,
				8658F8302E92B2BF00452A66 /* Family PlanningTests.xctest */,
				8658F83A2E92B2BF00452A66 /* Family PlanningUITests.xctest */,
			);
			name = Products;
			sourceTree = "<group>";
		};
/* End PBXGroup section */

/* Begin PBXNativeTarget section */
		8658F81F2E92B2BD00452A66 /* Family Planning */ = {
			isa = PBXNativeTarget;
			buildConfigurationList = 8658F8442E92B2BF00452A66 /* Build configuration list for PBXNativeTarget "Family Planning" */;
			buildPhases = (
				8658F81C2E92B2BD00452A66 /* Sources */,
				8658F81D2E92B2BD00452A66 /* Frameworks */,
				8658F81E2E92B2BD00452A66 /* Resources */,
			);
			buildRules = (
			);
			dependencies = (
			);
			fileSystemSynchronizedGroups = (
				8658F8222E92B2BD00452A66 /* Family Planning */,
				8658F84F2E92B2F400452A66 /* Models */,
				8658F8522E92B33B00452A66 /* Managers */,
				8658F8552E92B36E00452A66 /* Views */,
			);
			name = "Family Planning";
			packageProductDependencies = (
				8658F8732E92C1F100452A66 /* FirebaseAuth */,
				8658F8752E92C1F100452A66 /* FirebaseCore */,
				8658F8772E92C1F100452A66 /* FirebaseFirestore */,
				8658F8792E92C1F100452A66 /* FirebaseFirestoreCombine-Community */,
				8658F87B2E92C25A00452A66 /* FirebaseAI */,
			);
			productName = "Family Planning";
			productReference = 8658F8202E92B2BD00452A66 /* Family Planning.app */;
			productType = "com.apple.product-type.application";
		};
		8658F82F2E92B2BF00452A66 /* Family PlanningTests */ = {
			isa = PBXNativeTarget;
			buildConfigurationList = 8658F8472E92B2BF00452A66 /* Build configuration list for PBXNativeTarget "Family PlanningTests" */;
			buildPhases = (
				8658F82C2E92B2BF00452A66 /* Sources */,
				8658F82D2E92B2BF00452A66 /* Frameworks */,
				8658F82E2E92B2BF00452A66 /* Resources */,
			);
			buildRules = (
			);
			dependencies = (
				8658F8322E92B2BF00452A66 /* PBXTargetDependency */,
			);
			fileSystemSynchronizedGroups = (
				8658F8332E92B2BF00452A66 /* Family PlanningTests */,
			);
			name = "Family PlanningTests";
			packageProductDependencies = (
			);
			productName = "Family PlanningTests";
			productReference = 8658F8302E92B2BF00452A66 /* Family PlanningTests.xctest */;
			productType = "com.apple.product-type.bundle.unit-test";
		};
		8658F8392E92B2BF00452A66 /* Family PlanningUITests */ = {
			isa = PBXNativeTarget;
			buildConfigurationList = 8658F84A2E92B2BF00452A66 /* Build configuration list for PBXNativeTarget "Family PlanningUITests" */;
			buildPhases = (
				8658F8362E92B2BF00452A66 /* Sources */,
				8658F8372E92B2BF00452A66 /* Frameworks */,
				8658F8382E92B2BF00452A66 /* Resources */,
			);
			buildRules = (
			);
			dependencies = (
				8658F83C2E92B2BF00452A66 /* PBXTargetDependency */,
			);
			fileSystemSynchronizedGroups = (
				8658F83D2E92B2BF00452A66 /* Family PlanningUITests */,
			);
			name = "Family PlanningUITests";
			packageProductDependencies = (
			);
			productName = "Family PlanningUITests";
			productReference = 8658F83A2E92B2BF00452A66 /* Family PlanningUITests.xctest */;
			productType = "com.apple.product-type.bundle.ui-testing";
		};
/* End PBXNativeTarget section */

/* Begin PBXProject section */
		8658F8182E92B2BD00452A66 /* Project object */ = {
			isa = PBXProject;
			attributes = {
				BuildIndependentTargetsInParallel = 1;
				LastSwiftUpdateCheck = 1620;
				LastUpgradeCheck = 1620;
				TargetAttributes = {
					8658F81F2E92B2BD00452A66 = {
						CreatedOnToolsVersion = 16.2;
					};
					8658F82F2E92B2BF00452A66 = {
						CreatedOnToolsVersion = 16.2;
						TestTargetID = 8658F81F2E92B2BD00452A66;
					};
					8658F8392E92B2BF00452A66 = {
						CreatedOnToolsVersion = 16.2;
						TestTargetID = 8658F81F2E92B2BD00452A66;
					};
				};
			};
			buildConfigurationList = 8658F81B2E92B2BD00452A66 /* Build configuration list for PBXProject "Family Planning" */;
			developmentRegion = en;
			hasScannedForEncodings = 0;
			knownRegions = (
				en,
				Base,
			);
			mainGroup = 8658F8172E92B2BD00452A66;
			minimizedProjectReferenceProxies = 1;
			packageReferences = (
				8658F8722E92C1F100452A66 /* XCRemoteSwiftPackageReference "firebase-ios-sdk" */,
			);
			preferredProjectObjectVersion = 77;
			productRefGroup = 8658F8212E92B2BD00452A66 /* Products */;
			projectDirPath = "";
			projectRoot = "";
			targets = (
				8658F81F2E92B2BD00452A66 /* Family Planning */,
				8658F82F2E92B2BF00452A66 /* Family PlanningTests */,
				8658F8392E92B2BF00452A66 /* Family PlanningUITests */,
			);
		};
/* End PBXProject section */

/* Begin PBXResourcesBuildPhase section */
		8658F81E2E92B2BD00452A66 /* Resources */ = {
			isa = PBXResourcesBuildPhase;
			buildActionMask = 2147483647;
			files = (
			);
			runOnlyForDeploymentPostprocessing = 0;
		};
		8658F82E2E92B2BF00452A66 /* Resources */ = {
			isa = PBXResourcesBuildPhase;
			buildActionMask = 2147483647;
			files = (
			);
			runOnlyForDeploymentPostprocessing = 0;
		};
		8658F8382E92B2BF00452A66 /* Resources */ = {
			isa = PBXResourcesBuildPhase;
			buildActionMask = 2147483647;
			files = (
			);
			runOnlyForDeploymentPostprocessing = 0;
		};
/* End PBXResourcesBuildPhase section */

/* Begin PBXSourcesBuildPhase section */
		8658F81C2E92B2BD00452A66 /* Sources */ = {
			isa = PBXSourcesBuildPhase;
			buildActionMask = 2147483647;
			files = (
			);
			runOnlyForDeploymentPostprocessing = 0;
		};
		8658F82C2E92B2BF00452A66 /* Sources */ = {
			isa = PBXSourcesBuildPhase;
			buildActionMask = 2147483647;
			files = (
			);
			runOnlyForDeploymentPostprocessing = 0;
		};
		8658F8362E92B2BF00452A66 /* Sources */ = {
			isa = PBXSourcesBuildPhase;
			buildActionMask = 2147483647;
			files = (
			);
			runOnlyForDeploymentPostprocessing = 0;
		};
/* End PBXSourcesBuildPhase section */

/* Begin PBXTargetDependency section */
		8658F8322E92B2BF00452A66 /* PBXTargetDependency */ = {
			isa = PBXTargetDependency;
			target = 8658F81F2E92B2BD00452A66 /* Family Planning */;
			targetProxy = 8658F8312E92B2BF00452A66 /* PBXContainerItemProxy */;
		};
		8658F83C2E92B2BF00452A66 /* PBXTargetDependency */ = {
			isa = PBXTargetDependency;
			target = 8658F81F2E92B2BD00452A66 /* Family Planning */;
			targetProxy = 8658F83B2E92B2BF00452A66 /* PBXContainerItemProxy */;
		};
/* End PBXTargetDependency section */

/* Begin XCBuildConfiguration section */
		8658F8422E92B2BF00452A66 /* Debug */ = {
			isa = XCBuildConfiguration;
			buildSettings = {
				ALWAYS_SEARCH_USER_PATHS = NO;
				ASSETCATALOG_COMPILER_GENERATE_SWIFT_ASSET_SYMBOL_EXTENSIONS = YES;
				CLANG_ANALYZER_NONNULL = YES;
				CLANG_ANALYZER_NUMBER_OBJECT_CONVERSION = YES_AGGRESSIVE;
				CLANG_CXX_LANGUAGE_STANDARD = "gnu++20";
				CLANG_ENABLE_MODULES = YES;
				CLANG_ENABLE_OBJC_ARC = YES;
				CLANG_ENABLE_OBJC_WEAK = YES;
				CLANG_WARN_BLOCK_CAPTURE_AUTORELEASING = YES;
				CLANG_WARN_BOOL_CONVERSION = YES;
				CLANG_WARN_COMMA = YES;
				CLANG_WARN_CONSTANT_CONVERSION = YES;
				CLANG_WARN_DEPRECATED_OBJC_IMPLEMENTATIONS = YES;
				CLANG_WARN_DIRECT_OBJC_ISA_USAGE = YES_ERROR;
				CLANG_WARN_DOCUMENTATION_COMMENTS = YES;
				CLANG_WARN_EMPTY_BODY = YES;
				CLANG_WARN_ENUM_CONVERSION = YES;
				CLANG_WARN_INFINITE_RECURSION = YES;
				CLANG_WARN_INT_CONVERSION = YES;
				CLANG_WARN_NON_LITERAL_NULL_CONVERSION = YES;
				CLANG_WARN_OBJC_IMPLICIT_RETAIN_SELF = YES;
				CLANG_WARN_OBJC_LITERAL_CONVERSION = YES;
				CLANG_WARN_OBJC_ROOT_CLASS = YES_ERROR;
				CLANG_WARN_QUOTED_INCLUDE_IN_FRAMEWORK_HEADER = YES;
				CLANG_WARN_RANGE_LOOP_ANALYSIS = YES;
				CLANG_WARN_STRICT_PROTOTYPES = YES;
				CLANG_WARN_SUSPICIOUS_MOVE = YES;
				CLANG_WARN_UNGUARDED_AVAILABILITY = YES_AGGRESSIVE;
				CLANG_WARN_UNREACHABLE_CODE = YES;
				CLANG_WARN__DUPLICATE_METHOD_MATCH = YES;
				COPY_PHASE_STRIP = NO;
				DEBUG_INFORMATION_FORMAT = dwarf;
				ENABLE_STRICT_OBJC_MSGSEND = YES;
				ENABLE_TESTABILITY = YES;
				ENABLE_USER_SCRIPT_SANDBOXING = YES;
				GCC_C_LANGUAGE_STANDARD = gnu17;
				GCC_DYNAMIC_NO_PIC = NO;
				GCC_NO_COMMON_BLOCKS = YES;
				GCC_OPTIMIZATION_LEVEL = 0;
				GCC_PREPROCESSOR_DEFINITIONS = (
					"DEBUG=1",
					"$(inherited)",
				);
				GCC_WARN_64_TO_32_BIT_CONVERSION = YES;
				GCC_WARN_ABOUT_RETURN_TYPE = YES_ERROR;
				GCC_WARN_UNDECLARED_SELECTOR = YES;
				GCC_WARN_UNINITIALIZED_AUTOS = YES_AGGRESSIVE;
				GCC_WARN_UNUSED_FUNCTION = YES;
				GCC_WARN_UNUSED_VARIABLE = YES;
				IPHONEOS_DEPLOYMENT_TARGET = 18.2;
				LOCALIZATION_PREFERS_STRING_CATALOGS = YES;
				MTL_ENABLE_DEBUG_INFO = INCLUDE_SOURCE;
				MTL_FAST_MATH = YES;
				ONLY_ACTIVE_ARCH = YES;
				SDKROOT = iphoneos;
				SWIFT_ACTIVE_COMPILATION_CONDITIONS = "DEBUG $(inherited)";
				SWIFT_OPTIMIZATION_LEVEL = "-Onone";
			};
			name = Debug;
		};
		8658F8432E92B2BF00452A66 /* Release */ = {
			isa = XCBuildConfiguration;
			buildSettings = {
				ALWAYS_SEARCH_USER_PATHS = NO;
				ASSETCATALOG_COMPILER_GENERATE_SWIFT_ASSET_SYMBOL_EXTENSIONS = YES;
				CLANG_ANALYZER_NONNULL = YES;
				CLANG_ANALYZER_NUMBER_OBJECT_CONVERSION = YES_AGGRESSIVE;
				CLANG_CXX_LANGUAGE_STANDARD = "gnu++20";
				CLANG_ENABLE_MODULES = YES;
				CLANG_ENABLE_OBJC_ARC = YES;
				CLANG_ENABLE_OBJC_WEAK = YES;
				CLANG_WARN_BLOCK_CAPTURE_AUTORELEASING = YES;
				CLANG_WARN_BOOL_CONVERSION = YES;
				CLANG_WARN_COMMA = YES;
				CLANG_WARN_CONSTANT_CONVERSION = YES;
				CLANG_WARN_DEPRECATED_OBJC_IMPLEMENTATIONS = YES;
				CLANG_WARN_DIRECT_OBJC_ISA_USAGE = YES_ERROR;
				CLANG_WARN_DOCUMENTATION_COMMENTS = YES;
				CLANG_WARN_EMPTY_BODY = YES;
				CLANG_WARN_ENUM_CONVERSION = YES;
				CLANG_WARN_INFINITE_RECURSION = YES;
				CLANG_WARN_INT_CONVERSION = YES;
				CLANG_WARN_NON_LITERAL_NULL_CONVERSION = YES;
				CLANG_WARN_OBJC_IMPLICIT_RETAIN_SELF = YES;
				CLANG_WARN_OBJC_LITERAL_CONVERSION = YES;
				CLANG_WARN_OBJC_ROOT_CLASS = YES_ERROR;
				CLANG_WARN_QUOTED_INCLUDE_IN_FRAMEWORK_HEADER = YES;
				CLANG_WARN_RANGE_LOOP_ANALYSIS = YES;
				CLANG_WARN_STRICT_PROTOTYPES = YES;
				CLANG_WARN_SUSPICIOUS_MOVE = YES;
				CLANG_WARN_UNGUARDED_AVAILABILITY = YES_AGGRESSIVE;
				CLANG_WARN_UNREACHABLE_CODE = YES;
				CLANG_WARN__DUPLICATE_METHOD_MATCH = YES;
				COPY_PHASE_STRIP = NO;
				DEBUG_INFORMATION_FORMAT = "dwarf-with-dsym";
				ENABLE_NS_ASSERTIONS = NO;
				ENABLE_STRICT_OBJC_MSGSEND = YES;
				ENABLE_USER_SCRIPT_SANDBOXING = YES;
				GCC_C_LANGUAGE_STANDARD = gnu17;
				GCC_NO_COMMON_BLOCKS = YES;
				GCC_WARN_64_TO_32_BIT_CONVERSION = YES;
				GCC_WARN_ABOUT_RETURN_TYPE = YES_ERROR;
				GCC_WARN_UNDECLARED_SELECTOR = YES;
				GCC_WARN_UNINITIALIZED_AUTOS = YES_AGGRESSIVE;
				GCC_WARN_UNUSED_FUNCTION = YES;
				GCC_WARN_UNUSED_VARIABLE = YES;
				IPHONEOS_DEPLOYMENT_TARGET = 18.2;
				LOCALIZATION_PREFERS_STRING_CATALOGS = YES;
				MTL_ENABLE_DEBUG_INFO = NO;
				MTL_FAST_MATH = YES;
				SDKROOT = iphoneos;
				SWIFT_COMPILATION_MODE = wholemodule;
				VALIDATE_PRODUCT = YES;
			};
			name = Release;
		};
		8658F8452E92B2BF00452A66 /* Debug */ = {
			isa = XCBuildConfiguration;
			buildSettings = {
				ASSETCATALOG_COMPILER_APPICON_NAME = AppIcon;
				ASSETCATALOG_COMPILER_GLOBAL_ACCENT_COLOR_NAME = AccentColor;
				CODE_SIGN_STYLE = Automatic;
				CURRENT_PROJECT_VERSION = 1;
				DEVELOPMENT_ASSET_PATHS = "\"Family Planning/Preview Content\"";
				DEVELOPMENT_TEAM = P2D7PJF4U3;
				ENABLE_PREVIEWS = YES;
				GENERATE_INFOPLIST_FILE = YES;
				INFOPLIST_KEY_UIApplicationSceneManifest_Generation = YES;
				INFOPLIST_KEY_UIApplicationSupportsIndirectInputEvents = YES;
				INFOPLIST_KEY_UILaunchScreen_Generation = YES;
				INFOPLIST_KEY_UISupportedInterfaceOrientations_iPad = "UIInterfaceOrientationPortrait UIInterfaceOrientationPortraitUpsideDown UIInterfaceOrientationLandscapeLeft UIInterfaceOrientationLandscapeRight";
				INFOPLIST_KEY_UISupportedInterfaceOrientations_iPhone = "UIInterfaceOrientationPortrait UIInterfaceOrientationLandscapeLeft UIInterfaceOrientationLandscapeRight";
				LD_RUNPATH_SEARCH_PATHS = (
					"$(inherited)",
					"@executable_path/Frameworks",
				);
				MARKETING_VERSION = 1.0;
				PRODUCT_BUNDLE_IDENTIFIER = "Maro.Family-Planning";
				PRODUCT_NAME = "$(TARGET_NAME)";
				SWIFT_EMIT_LOC_STRINGS = YES;
				SWIFT_VERSION = 5.0;
				TARGETED_DEVICE_FAMILY = "1,2";
			};
			name = Debug;
		};
		8658F8462E92B2BF00452A66 /* Release */ = {
			isa = XCBuildConfiguration;
			buildSettings = {
				ASSETCATALOG_COMPILER_APPICON_NAME = AppIcon;
				ASSETCATALOG_COMPILER_GLOBAL_ACCENT_COLOR_NAME = AccentColor;
				CODE_SIGN_STYLE = Automatic;
				CURRENT_PROJECT_VERSION = 1;
				DEVELOPMENT_ASSET_PATHS = "\"Family Planning/Preview Content\"";
				DEVELOPMENT_TEAM = P2D7PJF4U3;
				ENABLE_PREVIEWS = YES;
				GENERATE_INFOPLIST_FILE = YES;
				INFOPLIST_KEY_UIApplicationSceneManifest_Generation = YES;
				INFOPLIST_KEY_UIApplicationSupportsIndirectInputEvents = YES;
				INFOPLIST_KEY_UILaunchScreen_Generation = YES;
				INFOPLIST_KEY_UISupportedInterfaceOrientations_iPad = "UIInterfaceOrientationPortrait UIInterfaceOrientationPortraitUpsideDown UIInterfaceOrientationLandscapeLeft UIInterfaceOrientationLandscapeRight";
				INFOPLIST_KEY_UISupportedInterfaceOrientations_iPhone = "UIInterfaceOrientationPortrait UIInterfaceOrientationLandscapeLeft UIInterfaceOrientationLandscapeRight";
				LD_RUNPATH_SEARCH_PATHS = (
					"$(inherited)",
					"@executable_path/Frameworks",
				);
				MARKETING_VERSION = 1.0;
				PRODUCT_BUNDLE_IDENTIFIER = "Maro.Family-Planning";
				PRODUCT_NAME = "$(TARGET_NAME)";
				SWIFT_EMIT_LOC_STRINGS = YES;
				SWIFT_VERSION = 5.0;
				TARGETED_DEVICE_FAMILY = "1,2";
			};
			name = Release;
		};
		8658F8482E92B2BF00452A66 /* Debug */ = {
			isa = XCBuildConfiguration;
			buildSettings = {
				BUNDLE_LOADER = "$(TEST_HOST)";
				CODE_SIGN_STYLE = Automatic;
				CURRENT_PROJECT_VERSION = 1;
				DEVELOPMENT_TEAM = P2D7PJF4U3;
				GENERATE_INFOPLIST_FILE = YES;
				IPHONEOS_DEPLOYMENT_TARGET = 18.2;
				MARKETING_VERSION = 1.0;
				PRODUCT_BUNDLE_IDENTIFIER = "Maro.Family-PlanningTests";
				PRODUCT_NAME = "$(TARGET_NAME)";
				SWIFT_EMIT_LOC_STRINGS = NO;
				SWIFT_VERSION = 5.0;
				TARGETED_DEVICE_FAMILY = "1,2";
				TEST_HOST = "$(BUILT_PRODUCTS_DIR)/Family Planning.app/$(BUNDLE_EXECUTABLE_FOLDER_PATH)/Family Planning";
			};
			name = Debug;
		};
		8658F8492E92B2BF00452A66 /* Release */ = {
			isa = XCBuildConfiguration;
			buildSettings = {
				BUNDLE_LOADER = "$(TEST_HOST)";
				CODE_SIGN_STYLE = Automatic;
				CURRENT_PROJECT_VERSION = 1;
				DEVELOPMENT_TEAM = P2D7PJF4U3;
				GENERATE_INFOPLIST_FILE = YES;
				IPHONEOS_DEPLOYMENT_TARGET = 18.2;
				MARKETING_VERSION = 1.0;
				PRODUCT_BUNDLE_IDENTIFIER = "Maro.Family-PlanningTests";
				PRODUCT_NAME = "$(TARGET_NAME)";
				SWIFT_EMIT_LOC_STRINGS = NO;
				SWIFT_VERSION = 5.0;
				TARGETED_DEVICE_FAMILY = "1,2";
				TEST_HOST = "$(BUILT_PRODUCTS_DIR)/Family Planning.app/$(BUNDLE_EXECUTABLE_FOLDER_PATH)/Family Planning";
			};
			name = Release;
		};
		8658F84B2E92B2BF00452A66 /* Debug */ = {
			isa = XCBuildConfiguration;
			buildSettings = {
				CODE_SIGN_STYLE = Automatic;
				CURRENT_PROJECT_VERSION = 1;
				DEVELOPMENT_TEAM = P2D7PJF4U3;
				GENERATE_INFOPLIST_FILE = YES;
				MARKETING_VERSION = 1.0;
				PRODUCT_BUNDLE_IDENTIFIER = "Maro.Family-PlanningUITests";
				PRODUCT_NAME = "$(TARGET_NAME)";
				SWIFT_EMIT_LOC_STRINGS = NO;
				SWIFT_VERSION = 5.0;
				TARGETED_DEVICE_FAMILY = "1,2";
				TEST_TARGET_NAME = "Family Planning";
			};
			name = Debug;
		};
		8658F84C2E92B2BF00452A66 /* Release */ = {
			isa = XCBuildConfiguration;
			buildSettings = {
				CODE_SIGN_STYLE = Automatic;
				CURRENT_PROJECT_VERSION = 1;
				DEVELOPMENT_TEAM = P2D7PJF4U3;
				GENERATE_INFOPLIST_FILE = YES;
				MARKETING_VERSION = 1.0;
				PRODUCT_BUNDLE_IDENTIFIER = "Maro.Family-PlanningUITests";
				PRODUCT_NAME = "$(TARGET_NAME)";
				SWIFT_EMIT_LOC_STRINGS = NO;
				SWIFT_VERSION = 5.0;
				TARGETED_DEVICE_FAMILY = "1,2";
				TEST_TARGET_NAME = "Family Planning";
			};
			name = Release;
		};
/* End XCBuildConfiguration section */

/* Begin XCConfigurationList section */
		8658F81B2E92B2BD00452A66 /* Build configuration list for PBXProject "Family Planning" */ = {
			isa = XCConfigurationList;
			buildConfigurations = (
				8658F8422E92B2BF00452A66 /* Debug */,
				8658F8432E92B2BF00452A66 /* Release */,
			);
			defaultConfigurationIsVisible = 0;
			defaultConfigurationName = Release;
		};
		8658F8442E92B2BF00452A66 /* Build configuration list for PBXNativeTarget "Family Planning" */ = {
			isa = XCConfigurationList;
			buildConfigurations = (
				8658F8452E92B2BF00452A66 /* Debug */,
				8658F8462E92B2BF00452A66 /* Release */,
			);
			defaultConfigurationIsVisible = 0;
			defaultConfigurationName = Release;
		};
		8658F8472E92B2BF00452A66 /* Build configuration list for PBXNativeTarget "Family PlanningTests" */ = {
			isa = XCConfigurationList;
			buildConfigurations = (
				8658F8482E92B2BF00452A66 /* Debug */,
				8658F8492E92B2BF00452A66 /* Release */,
			);
			defaultConfigurationIsVisible = 0;
			defaultConfigurationName = Release;
		};
		8658F84A2E92B2BF00452A66 /* Build configuration list for PBXNativeTarget "Family PlanningUITests" */ = {
			isa = XCConfigurationList;
			buildConfigurations = (
				8658F84B2E92B2BF00452A66 /* Debug */,
				8658F84C2E92B2BF00452A66 /* Release */,
			);
			defaultConfigurationIsVisible = 0;
			defaultConfigurationName = Release;
		};
/* End XCConfigurationList section */

/* Begin XCRemoteSwiftPackageReference section */
		8658F8722E92C1F100452A66 /* XCRemoteSwiftPackageReference "firebase-ios-sdk" */ = {
			isa = XCRemoteSwiftPackageReference;
			repositoryURL = "https://github.com/firebase/firebase-ios-sdk";
			requirement = {
				kind = upToNextMajorVersion;
				minimumVersion = 12.3.0;
			};
		};
/* End XCRemoteSwiftPackageReference section */

/* Begin XCSwiftPackageProductDependency section */
		8658F8732E92C1F100452A66 /* FirebaseAuth */ = {
			isa = XCSwiftPackageProductDependency;
			package = 8658F8722E92C1F100452A66 /* XCRemoteSwiftPackageReference "firebase-ios-sdk" */;
			productName = FirebaseAuth;
		};
		8658F8752E92C1F100452A66 /* FirebaseCore */ = {
			isa = XCSwiftPackageProductDependency;
			package = 8658F8722E92C1F100452A66 /* XCRemoteSwiftPackageReference "firebase-ios-sdk" */;
			productName = FirebaseCore;
		};
		8658F8772E92C1F100452A66 /* FirebaseFirestore */ = {
			isa = XCSwiftPackageProductDependency;
			package = 8658F8722E92C1F100452A66 /* XCRemoteSwiftPackageReference "firebase-ios-sdk" */;
			productName = FirebaseFirestore;
		};
		8658F8792E92C1F100452A66 /* FirebaseFirestoreCombine-Community */ = {
			isa = XCSwiftPackageProductDependency;
			package = 8658F8722E92C1F100452A66 /* XCRemoteSwiftPackageReference "firebase-ios-sdk" */;
			productName = "FirebaseFirestoreCombine-Community";
		};
		8658F87B2E92C25A00452A66 /* FirebaseAI */ = {
			isa = XCSwiftPackageProductDependency;
			package = 8658F8722E92C1F100452A66 /* XCRemoteSwiftPackageReference "firebase-ios-sdk" */;
			productName = FirebaseAI;
		};
/* End XCSwiftPackageProductDependency section */
	};
	rootObject = 8658F8182E92B2BD00452A66 /* Project object */;
}
